Microsoft Visual Studio Solution File, Format Version 12.00
# Visual Studio 2012
Project("{FAE04EC0-301F-11D3-BF4B-00C04F79EFBC}") = "bullet_hell", "bullet_hell.csproj", "{103F4E39-C236-4EEE-B419-CF137C09F83B}"
EndProject
Project("{2150E333-8FDC-42A3-9474-1A3956D46DE8}") = "fs", "fs", "{31E02262-4379-42AC-AF4C-99CAF444F39B}"
EndProject
Project("{F2A71F9B-5D33-465A-A702-920D77279786}") = "BulletHell", "fs\BulletHell\BulletHell.fsproj", "{15B81C49-4088-43A3-9EBC-C0FB109CBD5B}"
EndProject
Global
	GlobalSection(SolutionConfigurationPlatforms) = preSolution
		Debug|Any CPU = Debug|Any CPU
		ExportDebug|Any CPU = ExportDebug|Any CPU
		ExportRelease|Any CPU = ExportRelease|Any CPU
	EndGlobalSection
	GlobalSection(ProjectConfigurationPlatforms) = postSolution
		{103F4E39-C236-4EEE-B419-CF137C09F83B}.Debug|Any CPU.ActiveCfg = Debug|Any CPU
		{103F4E39-C236-4EEE-B419-CF137C09F83B}.Debug|Any CPU.Build.0 = Debug|Any CPU
		{103F4E39-C236-4EEE-B419-CF137C09F83B}.ExportDebug|Any CPU.ActiveCfg = ExportDebug|Any CPU
		{103F4E39-C236-4EEE-B419-CF137C09F83B}.ExportDebug|Any CPU.Build.0 = ExportDebug|Any CPU
		{103F4E39-C236-4EEE-B419-CF137C09F83B}.ExportRelease|Any CPU.ActiveCfg = ExportRelease|Any CPU
		{103F4E39-C236-4EEE-B419-CF137C09F83B}.ExportRelease|Any CPU.Build.0 = ExportRelease|Any CPU
		{15B81C49-4088-43A3-9EBC-C0FB109CBD5B}.Debug|Any CPU.ActiveCfg = Debug|Any CPU
		{15B81C49-4088-43A3-9EBC-C0FB109CBD5B}.Debug|Any CPU.Build.0 = Debug|Any CPU
		{15B81C49-4088-43A3-9EBC-C0FB109CBD5B}.ExportDebug|Any CPU.ActiveCfg = Debug|Any CPU
		{15B81C49-4088-43A3-9EBC-C0FB109CBD5B}.ExportDebug|Any CPU.Build.0 = Debug|Any CPU
		{15B81C49-4088-43A3-9EBC-C0FB109CBD5B}.ExportRelease|Any CPU.ActiveCfg = Debug|Any CPU
		{15B81C49-4088-43A3-9EBC-C0FB109CBD5B}.ExportRelease|Any CPU.Build.0 = Debug|Any CPU
	EndGlobalSection
	GlobalSection(NestedProjects) = preSolution
		{15B81C49-4088-43A3-9EBC-C0FB109CBD5B} = {31E02262-4379-42AC-AF4C-99CAF444F39B}
	EndGlobalSection
EndGlobal
